{
    "requires": true,
    "lockfileVersion": 1,
    "dependencies": {
        "laralabs-vue-toaster": {
            "version": "3.0.1",
            "resolved": "https://registry.npmjs.org/laralabs-vue-toaster/-/laralabs-vue-toaster-3.0.1.tgz",
            "integrity": "sha512-gQuDeElxjvF1cowzUW5j5+d842Et9zLfowfXLb1eeW9mBGmdBWg2I5n5wHgQOOZodcFem+aot7G4tR5Mo24Q+g==",
            "requires": {
                "vue-notification": "^1.3.7"
            }
        },
        "vue-notification": {
            "version": "1.3.20",
            "resolved": "https://registry.npmjs.org/vue-notification/-/vue-notification-1.3.20.tgz",
            "integrity": "sha512-vPj67Ah72p8xvtyVE8emfadqVWguOScAjt6OJDEUdcW5hW189NsqvfkOrctxHUUO9UYl9cTbIkzAEcPnHu+zBQ=="
        }
    }
}
